
Microsoft Visual Studio Solution File, Format Version 12.00
# Visual Studio Version 17
VisualStudioVersion = 17.2.32519.379
MinimumVisualStudioVersion = 10.0.40219.1
Project("{9A19103F-16F7-4668-BE54-9A1E7A4F7556}") = "ConsoleEncoder", "ConsoleEncoder\ConsoleEncoder.csproj", "{47559BAE-81D8-4FF5-8552-1E2C88861553}"
EndProject
Project("{FAE04EC0-301F-11D3-BF4B-00C04F79EFBC}") = "FastEncoder", "FastEncoder\FastEncoder.csproj", "{0050E688-6323-495B-B08E-0B1845272D5B}"
EndProject
Global
	GlobalSection(SolutionConfigurationPlatforms) = preSolution
		Debug|Any CPU = Debug|Any CPU
		Release|Any CPU = Release|Any CPU
	EndGlobalSection
	GlobalSection(ProjectConfigurationPlatforms) = postSolution
		{47559BAE-81D8-4FF5-8552-1E2C88861553}.Debug|Any CPU.ActiveCfg = Debug|Any CPU
		{47559BAE-81D8-4FF5-8552-1E2C88861553}.Debug|Any CPU.Build.0 = Debug|Any CPU
		{47559BAE-81D8-4FF5-8552-1E2C88861553}.Release|Any CPU.ActiveCfg = Release|Any CPU
		{47559BAE-81D8-4FF5-8552-1E2C88861553}.Release|Any CPU.Build.0 = Release|Any CPU
		{0050E688-6323-495B-B08E-0B1845272D5B}.Debug|Any CPU.ActiveCfg = Debug|Any CPU
		{0050E688-6323-495B-B08E-0B1845272D5B}.Debug|Any CPU.Build.0 = Debug|Any CPU
		{0050E688-6323-495B-B08E-0B1845272D5B}.Release|Any CPU.ActiveCfg = Release|Any CPU
		{0050E688-6323-495B-B08E-0B1845272D5B}.Release|Any CPU.Build.0 = Release|Any CPU
	EndGlobalSection
	GlobalSection(SolutionProperties) = preSolution
		HideSolutionNode = FALSE
	EndGlobalSection
	GlobalSection(ExtensibilityGlobals) = postSolution
		SolutionGuid = {0600A4B0-79FA-4C0C-AA9F-7EE3C8A22D41}
	EndGlobalSection
EndGlobal
